format_version = 1
manifest_sha256 = "dc5bf9fc43994ee299e11501cff819e67bc2d8cf2916513361d355134d2e5e31"
gitmodules_sha256 = "e699febd0ff2a6a614af4018c6cbdcc593bd6a2b98195489bbdec182f4fcd128"

[[repositories]]
id = "browser-extension"
path = "repos/clients/browser-extension"
remote = "https://github.com/po4yka/ratatoskr-browser-extension.git"
default_branch = "main"
commit = "c0853285b2201b500e03b7d2ed9ffdfe3154cb27"
digests = [
  { path = "openspec/config.yaml", kind = "file", sha256 = "1b16530a25a6253ff24642649b512415c2ca413f8ac81a6740337fc3b0fd8dc0" },
  { path = "package-lock.json", kind = "file", sha256 = "9f6a12c41312b604ed56b19a42c789da7321ae7eadd9ce59246ea6b964a498aa" },
]

[[repositories]]
id = "channel-digests"
path = "repos/integrations/channel-digests"
remote = "https://github.com/po4yka/ratatoskr-channel-digests.git"
default_branch = "main"
commit = "44768fc91d6fd3058d5237a0042b06d9153b3944"
digests = [
  { path = "Cargo.lock", kind = "file", sha256 = "6525ca3d3ebbc0c6e762a38b4dec6d0e3580c49afec5721c642bd9e3c1ee5735" },
  { path = "openspec/config.yaml", kind = "file", sha256 = "0c7443340bf5effe32168c64be6414c22df6ea2bad236e9f59809b50f62db7b5" },
]

[[repositories]]
id = "chatgpt"
path = "repos/ai-archive/chatgpt"
remote = "https://github.com/po4yka/ratatoskr-chatgpt.git"
default_branch = "main"
commit = "be32839a4ec48a71cc2d9db1d1c9e3629ec1e795"
digests = [
  { path = "Cargo.lock", kind = "file", sha256 = "9d9d9b74ebbbac7f7c93e9fd0d2204fc364d9facc48e962f64097a180e8075b6" },
  { path = "openspec/config.yaml", kind = "file", sha256 = "12a659560bd47d1ba137e16e9427d68cdb2d2b8c4a149e85e4ae23186542170e" },
]

[[repositories]]
id = "claude"
path = "repos/ai-archive/claude"
remote = "https://github.com/po4yka/ratatoskr-claude.git"
default_branch = "main"
commit = "3d5d2020ce3e14d429c4fd491913ec37bcab3b4d"
digests = [
  { path = "Cargo.lock", kind = "file", sha256 = "ca75d7cfdcfd4a5b116f200436a4f5a053b3d78405925b8a05dafbd3df07687b" },
  { path = "openspec/config.yaml", kind = "file", sha256 = "80144579822a96857231e66b65af7881fa1f50c529cf7fe490661af9588acabb" },
]

[[repositories]]
id = "contracts"
path = "repos/contracts"
remote = "https://github.com/po4yka/ratatoskr-contracts.git"
default_branch = "main"
commit = "4c71a19e59454ced5fe4475898f7614fd8f84a7d"
digests = [
  { path = "contracts.toml", kind = "file", sha256 = "9faa6a42445a34cc9a6d2565e644b941f68b16ae63051bc2df564e8e6784d33b" },
  { path = "schemas", kind = "tree", sha256 = "bab331a767cf2f47fcc73d95787dd62596e0c101a79a630666dc4f61ff5b8b9f" },
]

[[repositories]]
id = "export-agent"
path = "repos/clients/export-agent"
remote = "https://github.com/po4yka/ratatoskr-export-agent.git"
default_branch = "main"
commit = "38102df0987bfb6557b647c3a11ad904161e4628"
digests = [
  { path = "Package.swift", kind = "file", sha256 = "2a8a15eb9fc615a94b848417c11ab1ba32898af7b50b06668d6ea52b590b26d1" },
  { path = "openspec/config.yaml", kind = "file", sha256 = "7e49ade6ca44cfcba854132d3083ec0c993ba78989b9c81af767f8b0fbfbd253" },
]

[[repositories]]
id = "extractor"
path = "repos/extractor"
remote = "https://github.com/po4yka/ratatoskr-extractor.git"
default_branch = "main"
commit = "144cd7dce9930b8a1bdea5ef2355587fe7fa80fc"
digests = [
  { path = "Cargo.lock", kind = "file", sha256 = "1722284e3818ec511793d0ef25fb047c9435228907c526921e454e2388e9c4af" },
  { path = "openspec/config.yaml", kind = "file", sha256 = "ed487bde93ea6cc5d7fb26abe62db0498b67ebb9dd0c6d54d7d9902696c79bd5" },
]

[[repositories]]
id = "github"
path = "repos/github"
remote = "https://github.com/po4yka/ratatoskr-github.git"
default_branch = "main"
commit = "7b702857e781384665d77209f93976271e96e956"
digests = [
  { path = "Cargo.lock", kind = "file", sha256 = "a9c2cd8c6e226fcb824951e5f1f66eea76049fa3dd10b658fe576a638858a156" },
  { path = "openspec/config.yaml", kind = "file", sha256 = "8acb859c5279564da43399a9065dae1e8e1c5391f03c04e2d13e1a0755daa27b" },
]

[[repositories]]
id = "instagram"
path = "repos/social/instagram"
remote = "https://github.com/po4yka/ratatoskr-instagram.git"
default_branch = "main"
commit = "928d0c84448d8a50f6cb2ae666282a302f76ff69"
digests = [
  { path = "Cargo.lock", kind = "file", sha256 = "81f4c570e4592855a8e8276f9b2719b523053d2a095ac2148bcdd9d317c62b4a" },
  { path = "openspec/config.yaml", kind = "file", sha256 = "0ecf413adef6195fc6f405e01d696e3b77eaf008f355a3b1199c5ee4a2ba030d" },
]

[[repositories]]
id = "knowledge"
path = "repos/knowledge"
remote = "https://github.com/po4yka/ratatoskr-knowledge.git"
default_branch = "main"
commit = "269c269465c49b4112eb0846dfa5088c760c990c"
digests = [
  { path = "openspec/config.yaml", kind = "file", sha256 = "17d40af640a0876042a9ec0a050de01c14bff0c75547e5ba49d00044e69d46d3" },
  { path = "schemas/article-analysis.v1.schema.json", kind = "file", sha256 = "503d5e81bdd331dba3429372462165e7fc8c34482959f252638da99b5bc43233" },
]

[[repositories]]
id = "mobile"
path = "repos/clients/mobile"
remote = "https://github.com/po4yka/ratatoskr-mobile.git"
default_branch = "main"
commit = "67646d3ec6f50a458b59ec50ccea0cec29981e98"
digests = [
  { path = "contracts/github/ratatoskr-contracts.lock.json", kind = "file", sha256 = "15287b9db430dd261700d1c59d5343c8ea6f9dc32f2ca4ad875aba569ac9e891" },
  { path = "contracts/platform-openapi.lock.json", kind = "file", sha256 = "bcd6c4b6595b0124b8d160d12fcebf5ce6c1e8b1b3cb80617a4af59ba3ac5de7" },
  { path = "openspec/config.yaml", kind = "file", sha256 = "23f28daaab9839af0ffd4fdff03bbf45c7e04390ffcd86e1a557b3fc3bec21bc" },
]

[[repositories]]
id = "platform"
path = "repos/platform"
remote = "https://github.com/po4yka/ratatoskr-platform.git"
default_branch = "main"
commit = "e2f3a8534521ad207ecedd1f8232cad5059e1f80"
digests = [
  { path = "openapi/openapi.json", kind = "file", sha256 = "d72139f036d313e5e82f46c6280c66c9e4cb24683b95d8f44fec61982f045220" },
  { path = "openspec/config.yaml", kind = "file", sha256 = "eb76e54cf5e2ba9fbfb17af3019cddd85d3354274d38a24dcf9c998473224b05" },
]

[[repositories]]
id = "telegram"
path = "repos/integrations/telegram"
remote = "https://github.com/po4yka/ratatoskr-telegram.git"
default_branch = "main"
commit = "40c8d1dfaa2bf754002e9b97cda2f3fa477fea8a"
digests = [
  { path = "Cargo.lock", kind = "file", sha256 = "aea09647e5acbb83b0611860f01486d8e6146b0aa1b463539b669f1771c51000" },
  { path = "openspec/config.yaml", kind = "file", sha256 = "93b2ed4dab096988e788d20547f3fd84f7a074779075cde2340e115e3655ae4e" },
]

[[repositories]]
id = "threads"
path = "repos/social/threads"
remote = "https://github.com/po4yka/ratatoskr-threads.git"
default_branch = "main"
commit = "9ece8690760bd7c1815b307cd813620c6deafdd7"
digests = [
  { path = "Cargo.lock", kind = "file", sha256 = "22ec2e277006e6e4b8ab7ed58f1ba8978ce0cb08e61eef0335054f08c0ee9be4" },
  { path = "openspec/config.yaml", kind = "file", sha256 = "bdca335689d6a5206a4579864fad0ff12798f2d4fb8fdfe9f368a1678dc499d1" },
]

[[repositories]]
id = "vault"
path = "repos/vault"
remote = "https://github.com/po4yka/ratatoskr-vault.git"
default_branch = "main"
commit = "08c4fcfcd4376b8f4b61a01631cc1e1aeb8481d4"
digests = [
  { path = "Cargo.lock", kind = "file", sha256 = "c5d48dd13145c4e329053b308c1c2f3fa7804a98dc75ee8be04f011c5fa18bea" },
  { path = "openspec/config.yaml", kind = "file", sha256 = "85877dff9fcad62f9d015e40c633c1fa07e32ec97f0f42a04a5570d39a06e3aa" },
]

[[repositories]]
id = "web"
path = "repos/clients/web"
remote = "https://github.com/po4yka/ratatoskr-web.git"
default_branch = "main"
commit = "bc783cbea9b64bfeb1f1b93ae43a23d5507c6b8b"
digests = [
  { path = "openapi/openapi.lock.json", kind = "file", sha256 = "20ac286db7044cea31adfcd5f6fe39ff1ae2e5f8f8c684157a0315b28d3daebe" },
  { path = "openspec/config.yaml", kind = "file", sha256 = "fb6ab0888f3cc431a9f8d573c6a2edc8a1aab1c3d27d6cec609151ba9ae3f8a3" },
  { path = "package-lock.json", kind = "file", sha256 = "ca59f4433736e85c90764337c0619c73896741a195fb37f2b1f68664b7260007" },
]

[[repositories]]
id = "x"
path = "repos/social/x"
remote = "https://github.com/po4yka/ratatoskr-x.git"
default_branch = "main"
commit = "12f4f9590803c618311e99eb5097811fbe3d5625"
digests = [
  { path = "Cargo.lock", kind = "file", sha256 = "36bb2f0049d9c5f8d6b6053cb534fb404f2b8d6a3b4804c819823db114fd738f" },
  { path = "openspec/config.yaml", kind = "file", sha256 = "8d41fd46cfcb9df9c69763f767012fc3a4224adfa543e475df8aa4f1740cb55f" },
]
