format_version = 1
manifest_sha256 = "e4bed2c2044ce5aaf3ed8f8b57253b1aed0adab47fefa47c77bd21f96534ce22"
gitmodules_sha256 = "e699febd0ff2a6a614af4018c6cbdcc593bd6a2b98195489bbdec182f4fcd128"

[[repositories]]
id = "browser-extension"
path = "repos/clients/browser-extension"
remote = "https://github.com/po4yka/ratatoskr-browser-extension.git"
default_branch = "main"
commit = "ff8bdd8e8816a499e34ba3aaefcfdd3879dea282"
digests = [
  { path = "openspec/config.yaml", kind = "file", sha256 = "1b16530a25a6253ff24642649b512415c2ca413f8ac81a6740337fc3b0fd8dc0" },
  { path = "package-lock.json", kind = "file", sha256 = "693d23b0d9fc292e78aea2277d5dbc2971af7d2ef74c8880bfa62ad7ec73d4e9" },
]

[[repositories]]
id = "channel-digests"
path = "repos/integrations/channel-digests"
remote = "https://github.com/po4yka/ratatoskr-channel-digests.git"
default_branch = "main"
commit = "a476079ec0115c38ab8c76e9280bf23a1ea89539"
digests = [
  { path = "Cargo.lock", kind = "file", sha256 = "15421737f59792c0cb8da8d4e1955b3023303987a8768aa128e8f4d451bb4062" },
  { path = "openspec/config.yaml", kind = "file", sha256 = "0c7443340bf5effe32168c64be6414c22df6ea2bad236e9f59809b50f62db7b5" },
]

[[repositories]]
id = "chatgpt"
path = "repos/ai-archive/chatgpt"
remote = "https://github.com/po4yka/ratatoskr-chatgpt.git"
default_branch = "main"
commit = "c72a1faddb713afb43a95f44bb3f275c67789ac3"
digests = [
  { path = "Cargo.lock", kind = "file", sha256 = "ee7338f4b2c2ecb43d99be860ba3a7f8b7f825d59966d804d7adc90358dc225e" },
  { path = "openspec/config.yaml", kind = "file", sha256 = "12a659560bd47d1ba137e16e9427d68cdb2d2b8c4a149e85e4ae23186542170e" },
]

[[repositories]]
id = "claude"
path = "repos/ai-archive/claude"
remote = "https://github.com/po4yka/ratatoskr-claude.git"
default_branch = "main"
commit = "f3194364cac2a1bbf8f4483670c08195415c47ce"
digests = [
  { path = "Cargo.lock", kind = "file", sha256 = "d2ab32ec9e8e498819edaa859712780c7e66cfe4001d94a88aa0c33457f8fa98" },
  { path = "openspec/config.yaml", kind = "file", sha256 = "80144579822a96857231e66b65af7881fa1f50c529cf7fe490661af9588acabb" },
]

[[repositories]]
id = "contracts"
path = "repos/contracts"
remote = "https://github.com/po4yka/ratatoskr-contracts.git"
default_branch = "main"
commit = "ad16855c4e7f3d52cd118274faa3b8f3ab4da576"
digests = [
  { path = "contracts.toml", kind = "file", sha256 = "ff2cbf1094b7ef7c000420c96df7e80074829d839a7bfbda1add0a111b1eb063" },
  { path = "schemas", kind = "tree", sha256 = "1b8d612780d608e9d7368e07e7f8aac48af7f46c78d7ecdb1b5bfb4fe539b23a" },
]

[[repositories]]
id = "export-agent"
path = "repos/clients/export-agent"
remote = "https://github.com/po4yka/ratatoskr-export-agent.git"
default_branch = "main"
commit = "da1acd41f20ce972b7530aad9c231ba7bd9b4a6c"
digests = [
  { path = "Package.swift", kind = "file", sha256 = "2a8a15eb9fc615a94b848417c11ab1ba32898af7b50b06668d6ea52b590b26d1" },
  { path = "openspec/config.yaml", kind = "file", sha256 = "7e49ade6ca44cfcba854132d3083ec0c993ba78989b9c81af767f8b0fbfbd253" },
]

[[repositories]]
id = "extractor"
path = "repos/extractor"
remote = "https://github.com/po4yka/ratatoskr-extractor.git"
default_branch = "main"
commit = "da1247ae3f842ee9ad1550fc0afc8780b5a16026"
digests = [
  { path = "Cargo.lock", kind = "file", sha256 = "d5dd30dc3cc719badd8f769240d071f0d90c2437a2241c1d73c556a48ed8582f" },
  { path = "openspec/config.yaml", kind = "file", sha256 = "ed487bde93ea6cc5d7fb26abe62db0498b67ebb9dd0c6d54d7d9902696c79bd5" },
]

[[repositories]]
id = "github"
path = "repos/github"
remote = "https://github.com/po4yka/ratatoskr-github.git"
default_branch = "main"
commit = "dfb5a88090e9f84f1d9e48b27c47a8b7a1085c56"
digests = [
  { path = "Cargo.lock", kind = "file", sha256 = "8960fc0c673bdee495cb1643046b9526b217ea6d3838e0e73673ff6b9ce96d1d" },
  { path = "openspec/config.yaml", kind = "file", sha256 = "8acb859c5279564da43399a9065dae1e8e1c5391f03c04e2d13e1a0755daa27b" },
]

[[repositories]]
id = "instagram"
path = "repos/social/instagram"
remote = "https://github.com/po4yka/ratatoskr-instagram.git"
default_branch = "main"
commit = "956f0cb66c8357297db68140715f8413cd3f7adc"
digests = [
  { path = "Cargo.lock", kind = "file", sha256 = "e1cc8c027f9b0138638cb6eb6a03c81d1e9ad41551b3a7162a2267a6408e580e" },
  { path = "openspec/config.yaml", kind = "file", sha256 = "0ecf413adef6195fc6f405e01d696e3b77eaf008f355a3b1199c5ee4a2ba030d" },
]

[[repositories]]
id = "knowledge"
path = "repos/knowledge"
remote = "https://github.com/po4yka/ratatoskr-knowledge.git"
default_branch = "main"
commit = "3833d489d444270d854afa31e38dc87247d7e477"
digests = [
  { path = "openspec/config.yaml", kind = "file", sha256 = "17d40af640a0876042a9ec0a050de01c14bff0c75547e5ba49d00044e69d46d3" },
  { path = "schemas/article-analysis.v1.schema.json", kind = "file", sha256 = "503d5e81bdd331dba3429372462165e7fc8c34482959f252638da99b5bc43233" },
]

[[repositories]]
id = "mobile"
path = "repos/clients/mobile"
remote = "https://github.com/po4yka/ratatoskr-mobile.git"
default_branch = "main"
commit = "67646d3ec6f50a458b59ec50ccea0cec29981e98"
digests = [
  { path = "contracts/github/ratatoskr-contracts.lock.json", kind = "file", sha256 = "15287b9db430dd261700d1c59d5343c8ea6f9dc32f2ca4ad875aba569ac9e891" },
  { path = "contracts/platform-openapi.lock.json", kind = "file", sha256 = "bcd6c4b6595b0124b8d160d12fcebf5ce6c1e8b1b3cb80617a4af59ba3ac5de7" },
  { path = "openspec/config.yaml", kind = "file", sha256 = "23f28daaab9839af0ffd4fdff03bbf45c7e04390ffcd86e1a557b3fc3bec21bc" },
]

[[repositories]]
id = "platform"
path = "repos/platform"
remote = "https://github.com/po4yka/ratatoskr-platform.git"
default_branch = "main"
commit = "f13a78587009f2a6bd5369e413e5f56b83141c0d"
digests = [
  { path = "openapi/openapi.json", kind = "file", sha256 = "96183469fc399a7c04dee26b0e0240c4af1fa29fa2079a8a80d16c80ed17c798" },
  { path = "openspec/config.yaml", kind = "file", sha256 = "eb76e54cf5e2ba9fbfb17af3019cddd85d3354274d38a24dcf9c998473224b05" },
]

[[repositories]]
id = "telegram"
path = "repos/integrations/telegram"
remote = "https://github.com/po4yka/ratatoskr-telegram.git"
default_branch = "main"
commit = "b43c62554b61cd70f89f581887d5903d74cdff5e"
digests = [
  { path = "Cargo.lock", kind = "file", sha256 = "90365e0c075322b9d9d989ca37a92c4718aac8dfde858e62bd14843351a919b9" },
  { path = "openspec/config.yaml", kind = "file", sha256 = "93b2ed4dab096988e788d20547f3fd84f7a074779075cde2340e115e3655ae4e" },
]

[[repositories]]
id = "threads"
path = "repos/social/threads"
remote = "https://github.com/po4yka/ratatoskr-threads.git"
default_branch = "main"
commit = "51b0fdd968ab4817b6bf2bf63a5f0174dd78855c"
digests = [
  { path = "Cargo.lock", kind = "file", sha256 = "773e78e2a92ffc12623054a3532affb00f6c2872c825be74d1c6bb0c4a84f88e" },
  { path = "openspec/config.yaml", kind = "file", sha256 = "bdca335689d6a5206a4579864fad0ff12798f2d4fb8fdfe9f368a1678dc499d1" },
]

[[repositories]]
id = "vault"
path = "repos/vault"
remote = "https://github.com/po4yka/ratatoskr-vault.git"
default_branch = "main"
commit = "0a6c8d4700f7202633b5671e59341cb7d3f8bbc0"
digests = [
  { path = "Cargo.lock", kind = "file", sha256 = "43bf7cda68879ac4788c21c6540073148594f87aff6f2d12a4eefcbdc508b409" },
  { path = "openspec/config.yaml", kind = "file", sha256 = "85877dff9fcad62f9d015e40c633c1fa07e32ec97f0f42a04a5570d39a06e3aa" },
]

[[repositories]]
id = "web"
path = "repos/clients/web"
remote = "https://github.com/po4yka/ratatoskr-web.git"
default_branch = "main"
commit = "3c30f15f8d78d116aaf726e4ae085e8d2f317ea5"
digests = [
  { path = "openapi/openapi.lock.json", kind = "file", sha256 = "20ac286db7044cea31adfcd5f6fe39ff1ae2e5f8f8c684157a0315b28d3daebe" },
  { path = "openspec/config.yaml", kind = "file", sha256 = "fb6ab0888f3cc431a9f8d573c6a2edc8a1aab1c3d27d6cec609151ba9ae3f8a3" },
  { path = "package-lock.json", kind = "file", sha256 = "b68116334c726f676f7ce315ac44716490bca1a52fe49c27e9cccc715edc984d" },
]

[[repositories]]
id = "x"
path = "repos/social/x"
remote = "https://github.com/po4yka/ratatoskr-x.git"
default_branch = "main"
commit = "f1810d5078eb688aa3715c2edb95e87e2d742e16"
digests = [
  { path = "Cargo.lock", kind = "file", sha256 = "d0c8e5cc676872ece6a817694104328b5e66341e7a312ed80a942390c7e2daa2" },
  { path = "openspec/config.yaml", kind = "file", sha256 = "8d41fd46cfcb9df9c69763f767012fc3a4224adfa543e475df8aa4f1740cb55f" },
]
